
Microsoft Visual Studio Solution File, Format Version 12.00
# Visual Studio Version 17
VisualStudioVersion = 17.14.36401.2 d17.14
MinimumVisualStudioVersion = 10.0.40219.1
Project("{FAE04EC0-301F-11D3-BF4B-00C04F79EFBC}") = "TripVisor", "TripVisor\TripVisor.csproj", "{87525493-2054-4E0F-9BBC-656260B80680}"
EndProject
Global
	GlobalSection(SolutionConfigurationPlatforms) = preSolution
		Debug|Any CPU = Debug|Any CPU
		Release|Any CPU = Release|Any CPU
	EndGlobalSection
	GlobalSection(ProjectConfigurationPlatforms) = postSolution
		{87525493-2054-4E0F-9BBC-656260B80680}.Debug|Any CPU.ActiveCfg = Debug|Any CPU
		{87525493-2054-4E0F-9BBC-656260B80680}.Debug|Any CPU.Build.0 = Debug|Any CPU
		{87525493-2054-4E0F-9BBC-656260B80680}.Release|Any CPU.ActiveCfg = Release|Any CPU
		{87525493-2054-4E0F-9BBC-656260B80680}.Release|Any CPU.Build.0 = Release|Any CPU
	EndGlobalSection
	GlobalSection(SolutionProperties) = preSolution
		HideSolutionNode = FALSE
	EndGlobalSection
	GlobalSection(ExtensibilityGlobals) = postSolution
		SolutionGuid = {C567758D-69AE-4C37-8992-E220E4FCF98B}
	EndGlobalSection
EndGlobal
